// !$*UTF8*$!
{
	archiveVersion = 1;
	classes = {
	};
	objectVersion = 46;
	objects = {

/* Begin PBXBuildFile section */
		C7A5C1341E54094200870F5E /* music2.mp3 in Resources */ = {isa = PBXBuildFile; fileRef = C7A5C1321E54094200870F5E /* music2.mp3 */; };
		C7A5C1351E54094200870F5E /* music3.mp3 in Resources */ = {isa = PBXBuildFile; fileRef = C7A5C1331E54094200870F5E /* music3.mp3 */; };
		C7F0ABAD1E52AB4500788202 /* AppDelegate.swift in Sources */ = {isa = PBXBuildFile; fileRef = C7F0ABAC1E52AB4500788202 /* AppDelegate.swift */; };
		C7F0ABAF1E52AB4500788202 /* ViewController.swift in Sources */ = {isa = PBXBuildFile; fileRef = C7F0ABAE1E52AB4500788202 /* ViewController.swift */; };
		C7F0ABB21E52AB4500788202 /* Main.storyboard in Resources */ = {isa = PBXBuildFile; fileRef = C7F0ABB01E52AB4500788202 /* Main.storyboard */; };
		C7F0ABB41E52AB4500788202 /* Assets.xcassets in Resources */ = {isa = PBXBuildFile; fileRef = C7F0ABB31E52AB4500788202 /* Assets.xcassets */; };
		C7F0ABB71E52AB4500788202 /* LaunchScreen.storyboard in Resources */ = {isa = PBXBuildFile; fileRef = C7F0ABB51E52AB4500788202 /* LaunchScreen.storyboard */; };
		C7F0ABC71E52B02800788202 /* duration.png in Resources */ = {isa = PBXBuildFile; fileRef = C7F0ABBF1E52B02800788202 /* duration.png */; };
		C7F0ABC81E52B02800788202 /* maxVolume.png in Resources */ = {isa = PBXBuildFile; fileRef = C7F0ABC01E52B02800788202 /* maxVolume.png */; };
		C7F0ABC91E52B02800788202 /* miniVolume.png in Resources */ = {isa = PBXBuildFile; fileRef = C7F0ABC11E52B02800788202 /* miniVolume.png */; };
		C7F0ABCA1E52B02800788202 /* music.mp3 in Resources */ = {isa = PBXBuildFile; fileRef = C7F0ABC21E52B02800788202 /* music.mp3 */; };
		C7F0ABCB1E52B02800788202 /* pause.png in Resources */ = {isa = PBXBuildFile; fileRef = C7F0ABC31E52B02800788202 /* pause.png */; };
		C7F0ABCC1E52B02800788202 /* play.png in Resources */ = {isa = PBXBuildFile; fileRef = C7F0ABC41E52B02800788202 /* play.png */; };
		C7F0ABCD1E52B02800788202 /* thumb.png in Resources */ = {isa = PBXBuildFile; fileRef = C7F0ABC51E52B02800788202 /* thumb.png */; };
		C7F0ABCE1E52B02800788202 /* thumbHightLight.png in Resources */ = {isa = PBXBuildFile; fileRef = C7F0ABC61E52B02800788202 /* thumbHightLight.png */; };
/* End PBXBuildFile section */

/* Begin PBXFileReference section */
		C7A5C1321E54094200870F5E /* music2.mp3 */ = {isa = PBXFileReference; lastKnownFileType = audio.mp3; path = music2.mp3; sourceTree = "<group>"; };
		C7A5C1331E54094200870F5E /* music3.mp3 */ = {isa = PBXFileReference; lastKnownFileType = audio.mp3; path = music3.mp3; sourceTree = "<group>"; };
		C7F0ABA91E52AB4500788202 /* QuickPlay_V.app */ = {isa = PBXFileReference; explicitFileType = wrapper.application; includeInIndex = 0; path = QuickPlay_V.app; sourceTree = BUILT_PRODUCTS_DIR; };
		C7F0ABAC1E52AB4500788202 /* AppDelegate.swift */ = {isa = PBXFileReference; lastKnownFileType = sourcecode.swift; path = AppDelegate.swift; sourceTree = "<group>"; };
		C7F0ABAE1E52AB4500788202 /* ViewController.swift */ = {isa = PBXFileReference; lastKnownFileType = sourcecode.swift; path = ViewController.swift; sourceTree = "<group>"; };
		C7F0ABB11E52AB4500788202 /* Base */ = {isa = PBXFileReference; lastKnownFileType = file.storyboard; name = Base; path = Base.lproj/Main.storyboard; sourceTree = "<group>"; };
		C7F0ABB31E52AB4500788202 /* Assets.xcassets */ = {isa = PBXFileReference; lastKnownFileType = folder.assetcatalog; path = Assets.xcassets; sourceTree = "<group>"; };
		C7F0ABB61E52AB4500788202 /* Base */ = {isa = PBXFileReference; lastKnownFileType = file.storyboard; name = Base; path = Base.lproj/LaunchScreen.storyboard; sourceTree = "<group>"; };
		C7F0ABB81E52AB4500788202 /* Info.plist */ = {isa = PBXFileReference; lastKnownFileType = text.plist.xml; path = Info.plist; sourceTree = "<group>"; };
		C7F0ABBF1E52B02800788202 /* duration.png */ = {isa = PBXFileReference; lastKnownFileType = image.png; path = duration.png; sourceTree = "<group>"; };
		C7F0ABC01E52B02800788202 /* maxVolume.png */ = {isa = PBXFileReference; lastKnownFileType = image.png; path = maxVolume.png; sourceTree = "<group>"; };
		C7F0ABC11E52B02800788202 /* miniVolume.png */ = {isa = PBXFileReference; lastKnownFileType = image.png; path = miniVolume.png; sourceTree = "<group>"; };
		C7F0ABC21E52B02800788202 /* music.mp3 */ = {isa = PBXFileReference; lastKnownFileType = audio.mp3; path = music.mp3; sourceTree = "<group>"; };
		C7F0ABC31E52B02800788202 /* pause.png */ = {isa = PBXFileReference; lastKnownFileType = image.png; path = pause.png; sourceTree = "<group>"; };
		C7F0ABC41E52B02800788202 /* play.png */ = {isa = PBXFileReference; lastKnownFileType = image.png; path = play.png; sourceTree = "<group>"; };
		C7F0ABC51E52B02800788202 /* thumb.png */ = {isa = PBXFileReference; lastKnownFileType = image.png; path = thumb.png; sourceTree = "<group>"; };
		C7F0ABC61E52B02800788202 /* thumbHightLight.png */ = {isa = PBXFileReference; lastKnownFileType = image.png; path = thumbHightLight.png; sourceTree = "<group>"; };
/* End PBXFileReference section */

/* Begin PBXFrameworksBuildPhase section */
		C7F0ABA61E52AB4500788202 /* Frameworks */ = {
			isa = PBXFrameworksBuildPhase;
			buildActionMask = 2147483647;
			files = (
			);
			runOnlyForDeploymentPostprocessing = 0;
		};
/* End PBXFrameworksBuildPhase section */

/* Begin PBXGroup section */
		C7F0ABA01E52AB4500788202 = {
			isa = PBXGroup;
			children = (
				C7F0ABAB1E52AB4500788202 /* QuickPlay_V */,
				C7F0ABAA1E52AB4500788202 /* Products */,
			);
			sourceTree = "<group>";
		};
		C7F0ABAA1E52AB4500788202 /* Products */ = {
			isa = PBXGroup;
			children = (
				C7F0ABA91E52AB4500788202 /* QuickPlay_V.app */,
			);
			name = Products;
			sourceTree = "<group>";
		};
		C7F0ABAB1E52AB4500788202 /* QuickPlay_V */ = {
			isa = PBXGroup;
			children = (
				C7F0ABAC1E52AB4500788202 /* AppDelegate.swift */,
				C7F0ABAE1E52AB4500788202 /* ViewController.swift */,
				C7F0ABB01E52AB4500788202 /* Main.storyboard */,
				C7F0ABB31E52AB4500788202 /* Assets.xcassets */,
				C7F0ABB51E52AB4500788202 /* LaunchScreen.storyboard */,
				C7F0ABB81E52AB4500788202 /* Info.plist */,
				C7F0ABBE1E52B00700788202 /* Resource */,
			);
			path = QuickPlay_V;
			sourceTree = "<group>";
		};
		C7F0ABBE1E52B00700788202 /* Resource */ = {
			isa = PBXGroup;
			children = (
				C7A5C1321E54094200870F5E /* music2.mp3 */,
				C7A5C1331E54094200870F5E /* music3.mp3 */,
				C7F0ABBF1E52B02800788202 /* duration.png */,
				C7F0ABC01E52B02800788202 /* maxVolume.png */,
				C7F0ABC11E52B02800788202 /* miniVolume.png */,
				C7F0ABC21E52B02800788202 /* music.mp3 */,
				C7F0ABC31E52B02800788202 /* pause.png */,
				C7F0ABC41E52B02800788202 /* play.png */,
				C7F0ABC51E52B02800788202 /* thumb.png */,
				C7F0ABC61E52B02800788202 /* thumbHightLight.png */,
			);
			name = Resource;
			sourceTree = "<group>";
		};
/* End PBXGroup section */

/* Begin PBXNativeTarget section */
		C7F0ABA81E52AB4500788202 /* QuickPlay_V */ = {
			isa = PBXNativeTarget;
			buildConfigurationList = C7F0ABBB1E52AB4500788202 /* Build configuration list for PBXNativeTarget "QuickPlay_V" */;
			buildPhases = (
				C7F0ABA51E52AB4500788202 /* Sources */,
				C7F0ABA61E52AB4500788202 /* Frameworks */,
				C7F0ABA71E52AB4500788202 /* Resources */,
			);
			buildRules = (
			);
			dependencies = (
			);
			name = QuickPlay_V;
			productName = QuickPlay_V;
			productReference = C7F0ABA91E52AB4500788202 /* QuickPlay_V.app */;
			productType = "com.apple.product-type.application";
		};
/* End PBXNativeTarget section */

/* Begin PBXProject section */
		C7F0ABA11E52AB4500788202 /* Project object */ = {
			isa = PBXProject;
			attributes = {
				LastSwiftUpdateCheck = 0820;
				LastUpgradeCheck = 0820;
				ORGANIZATIONNAME = TTung;
				TargetAttributes = {
					C7F0ABA81E52AB4500788202 = {
						CreatedOnToolsVersion = 8.2.1;
						ProvisioningStyle = Automatic;
					};
				};
			};
			buildConfigurationList = C7F0ABA41E52AB4500788202 /* Build configuration list for PBXProject "QuickPlay_V" */;
			compatibilityVersion = "Xcode 3.2";
			developmentRegion = English;
			hasScannedForEncodings = 0;
			knownRegions = (
				en,
				Base,
			);
			mainGroup = C7F0ABA01E52AB4500788202;
			productRefGroup = C7F0ABAA1E52AB4500788202 /* Products */;
			projectDirPath = "";
			projectRoot = "";
			targets = (
				C7F0ABA81E52AB4500788202 /* QuickPlay_V */,
			);
		};
/* End PBXProject section */

/* Begin PBXResourcesBuildPhase section */
		C7F0ABA71E52AB4500788202 /* Resources */ = {
			isa = PBXResourcesBuildPhase;
			buildActionMask = 2147483647;
			files = (
				C7F0ABCD1E52B02800788202 /* thumb.png in Resources */,
				C7F0ABB71E52AB4500788202 /* LaunchScreen.storyboard in Resources */,
				C7F0ABC71E52B02800788202 /* duration.png in Resources */,
				C7A5C1341E54094200870F5E /* music2.mp3 in Resources */,
				C7F0ABCC1E52B02800788202 /* play.png in Resources */,
				C7F0ABCB1E52B02800788202 /* pause.png in Resources */,
				C7F0ABC91E52B02800788202 /* miniVolume.png in Resources */,
				C7F0ABCE1E52B02800788202 /* thumbHightLight.png in Resources */,
				C7F0ABC81E52B02800788202 /* maxVolume.png in Resources */,
				C7F0ABB41E52AB4500788202 /* Assets.xcassets in Resources */,
				C7A5C1351E54094200870F5E /* music3.mp3 in Resources */,
				C7F0ABCA1E52B02800788202 /* music.mp3 in Resources */,
				C7F0ABB21E52AB4500788202 /* Main.storyboard in Resources */,
			);
			runOnlyForDeploymentPostprocessing = 0;
		};
/* End PBXResourcesBuildPhase section */

/* Begin PBXSourcesBuildPhase section */
		C7F0ABA51E52AB4500788202 /* Sources */ = {
			isa = PBXSourcesBuildPhase;
			buildActionMask = 2147483647;
			files = (
				C7F0ABAF1E52AB4500788202 /* ViewController.swift in Sources */,
				C7F0ABAD1E52AB4500788202 /* AppDelegate.swift in Sources */,
			);
			runOnlyForDeploymentPostprocessing = 0;
		};
/* End PBXSourcesBuildPhase section */

/* Begin PBXVariantGroup section */
		C7F0ABB01E52AB4500788202 /* Main.storyboard */ = {
			isa = PBXVariantGroup;
			children = (
				C7F0ABB11E52AB4500788202 /* Base */,
			);
			name = Main.storyboard;
			sourceTree = "<group>";
		};
		C7F0ABB51E52AB4500788202 /* LaunchScreen.storyboard */ = {
			isa = PBXVariantGroup;
			children = (
				C7F0ABB61E52AB4500788202 /* Base */,
			);
			name = LaunchScreen.storyboard;
			sourceTree = "<group>";
		};
/* End PBXVariantGroup section */

/* Begin XCBuildConfiguration section */
		C7F0ABB91E52AB4500788202 /* Debug */ = {
			isa = XCBuildConfiguration;
			buildSettings = {
				ALWAYS_SEARCH_USER_PATHS = NO;
				CLANG_ANALYZER_NONNULL = YES;
				CLANG_CXX_LANGUAGE_STANDARD = "gnu++0x";
				CLANG_CXX_LIBRARY = "libc++";
				CLANG_ENABLE_MODULES = YES;
				CLANG_ENABLE_OBJC_ARC = YES;
				CLANG_WARN_BOOL_CONVERSION = YES;
				CLANG_WARN_CONSTANT_CONVERSION = YES;
				CLANG_WARN_DIRECT_OBJC_ISA_USAGE = YES_ERROR;
				CLANG_WARN_DOCUMENTATION_COMMENTS = YES;
				CLANG_WARN_EMPTY_BODY = YES;
				CLANG_WARN_ENUM_CONVERSION = YES;
				CLANG_WARN_INFINITE_RECURSION = YES;
				CLANG_WARN_INT_CONVERSION = YES;
				CLANG_WARN_OBJC_ROOT_CLASS = YES_ERROR;
				CLANG_WARN_SUSPICIOUS_MOVE = YES;
				CLANG_WARN_UNREACHABLE_CODE = YES;
				CLANG_WARN__DUPLICATE_METHOD_MATCH = YES;
				"CODE_SIGN_IDENTITY[sdk=iphoneos*]" = "iPhone Developer";
				COPY_PHASE_STRIP = NO;
				DEBUG_INFORMATION_FORMAT = dwarf;
				ENABLE_STRICT_OBJC_MSGSEND = YES;
				ENABLE_TESTABILITY = YES;
				GCC_C_LANGUAGE_STANDARD = gnu99;
				GCC_DYNAMIC_NO_PIC = NO;
				GCC_NO_COMMON_BLOCKS = YES;
				GCC_OPTIMIZATION_LEVEL = 0;
				GCC_PREPROCESSOR_DEFINITIONS = (
					"DEBUG=1",
					"$(inherited)",
				);
				GCC_WARN_64_TO_32_BIT_CONVERSION = YES;
				GCC_WARN_ABOUT_RETURN_TYPE = YES_ERROR;
				GCC_WARN_UNDECLARED_SELECTOR = YES;
				GCC_WARN_UNINITIALIZED_AUTOS = YES_AGGRESSIVE;
				GCC_WARN_UNUSED_FUNCTION = YES;
				GCC_WARN_UNUSED_VARIABLE = YES;
				IPHONEOS_DEPLOYMENT_TARGET = 10.2;
				MTL_ENABLE_DEBUG_INFO = YES;
				ONLY_ACTIVE_ARCH = YES;
				SDKROOT = iphoneos;
				SWIFT_ACTIVE_COMPILATION_CONDITIONS = DEBUG;
				SWIFT_OPTIMIZATION_LEVEL = "-Onone";
				TARGETED_DEVICE_FAMILY = "1,2";
			};
			name = Debug;
		};
		C7F0ABBA1E52AB4500788202 /* Release */ = {
			isa = XCBuildConfiguration;
			buildSettings = {
				ALWAYS_SEARCH_USER_PATHS = NO;
				CLANG_ANALYZER_NONNULL = YES;
				CLANG_CXX_LANGUAGE_STANDARD = "gnu++0x";
				CLANG_CXX_LIBRARY = "libc++";
				CLANG_ENABLE_MODULES = YES;
				CLANG_ENABLE_OBJC_ARC = YES;
				CLANG_WARN_BOOL_CONVERSION = YES;
				CLANG_WARN_CONSTANT_CONVERSION = YES;
				CLANG_WARN_DIRECT_OBJC_ISA_USAGE = YES_ERROR;
				CLANG_WARN_DOCUMENTATION_COMMENTS = YES;
				CLANG_WARN_EMPTY_BODY = YES;
				CLANG_WARN_ENUM_CONVERSION = YES;
				CLANG_WARN_INFINITE_RECURSION = YES;
				CLANG_WARN_INT_CONVERSION = YES;
				CLANG_WARN_OBJC_ROOT_CLASS = YES_ERROR;
				CLANG_WARN_SUSPICIOUS_MOVE = YES;
				CLANG_WARN_UNREACHABLE_CODE = YES;
				CLANG_WARN__DUPLICATE_METHOD_MATCH = YES;
				"CODE_SIGN_IDENTITY[sdk=iphoneos*]" = "iPhone Developer";
				COPY_PHASE_STRIP = NO;
				DEBUG_INFORMATION_FORMAT = "dwarf-with-dsym";
				ENABLE_NS_ASSERTIONS = NO;
				ENABLE_STRICT_OBJC_MSGSEND = YES;
				GCC_C_LANGUAGE_STANDARD = gnu99;
				GCC_NO_COMMON_BLOCKS = YES;
				GCC_WARN_64_TO_32_BIT_CONVERSION = YES;
				GCC_WARN_ABOUT_RETURN_TYPE = YES_ERROR;
				GCC_WARN_UNDECLARED_SELECTOR = YES;
				GCC_WARN_UNINITIALIZED_AUTOS = YES_AGGRESSIVE;
				GCC_WARN_UNUSED_FUNCTION = YES;
				GCC_WARN_UNUSED_VARIABLE = YES;
				IPHONEOS_DEPLOYMENT_TARGET = 10.2;
				MTL_ENABLE_DEBUG_INFO = NO;
				SDKROOT = iphoneos;
				SWIFT_OPTIMIZATION_LEVEL = "-Owholemodule";
				TARGETED_DEVICE_FAMILY = "1,2";
				VALIDATE_PRODUCT = YES;
			};
			name = Release;
		};
		C7F0ABBC1E52AB4500788202 /* Debug */ = {
			isa = XCBuildConfiguration;
			buildSettings = {
				ASSETCATALOG_COMPILER_APPICON_NAME = AppIcon;
				INFOPLIST_FILE = QuickPlay_V/Info.plist;
				LD_RUNPATH_SEARCH_PATHS = "$(inherited) @executable_path/Frameworks";
				PRODUCT_BUNDLE_IDENTIFIER = "vn.edu.ttung.QuickPlay-V";
				PRODUCT_NAME = "$(TARGET_NAME)";
				SWIFT_VERSION = 3.0;
			};
			name = Debug;
		};
		C7F0ABBD1E52AB4500788202 /* Release */ = {
			isa = XCBuildConfiguration;
			buildSettings = {
				ASSETCATALOG_COMPILER_APPICON_NAME = AppIcon;
				INFOPLIST_FILE = QuickPlay_V/Info.plist;
				LD_RUNPATH_SEARCH_PATHS = "$(inherited) @executable_path/Frameworks";
				PRODUCT_BUNDLE_IDENTIFIER = "vn.edu.ttung.QuickPlay-V";
				PRODUCT_NAME = "$(TARGET_NAME)";
				SWIFT_VERSION = 3.0;
			};
			name = Release;
		};
/* End XCBuildConfiguration section */

/* Begin XCConfigurationList section */
		C7F0ABA41E52AB4500788202 /* Build configuration list for PBXProject "QuickPlay_V" */ = {
			isa = XCConfigurationList;
			buildConfigurations = (
				C7F0ABB91E52AB4500788202 /* Debug */,
				C7F0ABBA1E52AB4500788202 /* Release */,
			);
			defaultConfigurationIsVisible = 0;
			defaultConfigurationName = Release;
		};
		C7F0ABBB1E52AB4500788202 /* Build configuration list for PBXNativeTarget "QuickPlay_V" */ = {
			isa = XCConfigurationList;
			buildConfigurations = (
				C7F0ABBC1E52AB4500788202 /* Debug */,
				C7F0ABBD1E52AB4500788202 /* Release */,
			);
			defaultConfigurationIsVisible = 0;
			defaultConfigurationName = Release;
		};
/* End XCConfigurationList section */
	};
	rootObject = C7F0ABA11E52AB4500788202 /* Project object */;
}
